
Microsoft Visual Studio Solution File, Format Version 12.00
# Visual Studio Version 16
VisualStudioVersion = 16.0.30907.101
MinimumVisualStudioVersion = 10.0.40219.1
Project("{FAE04EC0-301F-11D3-BF4B-00C04F79EFBC}") = "Sem8PAW_1045", "Sem8PAW_1045.csproj", "{D53D5053-93AF-4B9D-8E0F-5E33C8A1BC56}"
EndProject
Global
	GlobalSection(SolutionConfigurationPlatforms) = preSolution
		Debug|Any CPU = Debug|Any CPU
		Release|Any CPU = Release|Any CPU
	EndGlobalSection
	GlobalSection(ProjectConfigurationPlatforms) = postSolution
		{D53D5053-93AF-4B9D-8E0F-5E33C8A1BC56}.Debug|Any CPU.ActiveCfg = Debug|Any CPU
		{D53D5053-93AF-4B9D-8E0F-5E33C8A1BC56}.Debug|Any CPU.Build.0 = Debug|Any CPU
		{D53D5053-93AF-4B9D-8E0F-5E33C8A1BC56}.Release|Any CPU.ActiveCfg = Release|Any CPU
		{D53D5053-93AF-4B9D-8E0F-5E33C8A1BC56}.Release|Any CPU.Build.0 = Release|Any CPU
	EndGlobalSection
	GlobalSection(SolutionProperties) = preSolution
		HideSolutionNode = FALSE
	EndGlobalSection
	GlobalSection(ExtensibilityGlobals) = postSolution
		SolutionGuid = {C0431E37-01FE-4321-84C3-5D777AB13BBD}
	EndGlobalSection
EndGlobal
